
Microsoft Visual Studio Solution File, Format Version 12.00
# Visual Studio Version 17
VisualStudioVersion = 17.12.35527.113
MinimumVisualStudioVersion = 10.0.40219.1
Project("{FAE04EC0-301F-11D3-BF4B-00C04F79EFBC}") = "GUI", "DoAn\GUI.csproj", "{20826411-16D3-4912-A851-FA0131AAC62C}"
EndProject
Project("{FAE04EC0-301F-11D3-BF4B-00C04F79EFBC}") = "BLL", "BUS\BLL.csproj", "{AE26DB2B-9B6B-415A-8102-E4DE5D4790C6}"
EndProject
Project("{FAE04EC0-301F-11D3-BF4B-00C04F79EFBC}") = "DAL", "DAL\DAL.csproj", "{7823C27B-0436-4472-A1EE-EAC154FBD37F}"
EndProject
Global
	GlobalSection(SolutionConfigurationPlatforms) = preSolution
		Debug|Any CPU = Debug|Any CPU
		Release|Any CPU = Release|Any CPU
	EndGlobalSection
	GlobalSection(ProjectConfigurationPlatforms) = postSolution
		{20826411-16D3-4912-A851-FA0131AAC62C}.Debug|Any CPU.ActiveCfg = Debug|Any CPU
		{20826411-16D3-4912-A851-FA0131AAC62C}.Debug|Any CPU.Build.0 = Debug|Any CPU
		{20826411-16D3-4912-A851-FA0131AAC62C}.Release|Any CPU.ActiveCfg = Release|Any CPU
		{20826411-16D3-4912-A851-FA0131AAC62C}.Release|Any CPU.Build.0 = Release|Any CPU
		{AE26DB2B-9B6B-415A-8102-E4DE5D4790C6}.Debug|Any CPU.ActiveCfg = Debug|Any CPU
		{AE26DB2B-9B6B-415A-8102-E4DE5D4790C6}.Debug|Any CPU.Build.0 = Debug|Any CPU
		{AE26DB2B-9B6B-415A-8102-E4DE5D4790C6}.Release|Any CPU.ActiveCfg = Release|Any CPU
		{AE26DB2B-9B6B-415A-8102-E4DE5D4790C6}.Release|Any CPU.Build.0 = Release|Any CPU
		{7823C27B-0436-4472-A1EE-EAC154FBD37F}.Debug|Any CPU.ActiveCfg = Debug|Any CPU
		{7823C27B-0436-4472-A1EE-EAC154FBD37F}.Debug|Any CPU.Build.0 = Debug|Any CPU
		{7823C27B-0436-4472-A1EE-EAC154FBD37F}.Release|Any CPU.ActiveCfg = Release|Any CPU
		{7823C27B-0436-4472-A1EE-EAC154FBD37F}.Release|Any CPU.Build.0 = Release|Any CPU
	EndGlobalSection
	GlobalSection(SolutionProperties) = preSolution
		HideSolutionNode = FALSE
	EndGlobalSection
EndGlobal
